
Microsoft Visual Studio Solution File, Format Version 12.00
Project("{FAE04EC0-301F-11D3-BF4B-00C04F79EFBC}") = "Blogger", "Blogger\Blogger.csproj", "{D9259E21-C957-45F3-BD8A-C6152588A46B}"
EndProject
Global
	GlobalSection(SolutionConfigurationPlatforms) = preSolution
		Debug|Any CPU = Debug|Any CPU
		Release|Any CPU = Release|Any CPU
	EndGlobalSection
	GlobalSection(ProjectConfigurationPlatforms) = postSolution
		{D9259E21-C957-45F3-BD8A-C6152588A46B}.Debug|Any CPU.ActiveCfg = Debug|Any CPU
		{D9259E21-C957-45F3-BD8A-C6152588A46B}.Debug|Any CPU.Build.0 = Debug|Any CPU
		{D9259E21-C957-45F3-BD8A-C6152588A46B}.Release|Any CPU.ActiveCfg = Release|Any CPU
		{D9259E21-C957-45F3-BD8A-C6152588A46B}.Release|Any CPU.Build.0 = Release|Any CPU
	EndGlobalSection
EndGlobal
